
Microsoft Visual Studio Solution File, Format Version 12.00
# Visual Studio 14
VisualStudioVersion = 14.0.25420.1
MinimumVisualStudioVersion = 10.0.40219.1
Project("{FAE04EC0-301F-11D3-BF4B-00C04F79EFBC}") = "K2.Testing.Automated.Framework", "K2.Testing.Automated.Framework\K2.Testing.Automated.Framework.csproj", "{F7869E13-F787-4D79-89DA-2C2EE3E5D91C}"
EndProject
Project("{FAE04EC0-301F-11D3-BF4B-00C04F79EFBC}") = "ZzzzTest01", "ZzzzTest01\ZzzzTest01.csproj", "{FAD0E837-AEF0-4DC3-9A86-68D0DC4A52E4}"
EndProject
Project("{FAE04EC0-301F-11D3-BF4B-00C04F79EFBC}") = "K2.AtonMartin.RLE.Testing.POM", "K2.AtonMartin.RLE.Testing.POM\K2.AtonMartin.RLE.Testing.POM.csproj", "{C7EAB976-5E8D-4CB0-9A37-25345853F8B5}"
EndProject
Project("{FAE04EC0-301F-11D3-BF4B-00C04F79EFBC}") = "ZzzzTerminateWorkflows", "ZzzzTerminateWorkflows\ZzzzTerminateWorkflows.csproj", "{8F84A836-9DDE-41DA-975E-E4DB5F98DA3B}"
EndProject
Global
	GlobalSection(SolutionConfigurationPlatforms) = preSolution
		Debug|Any CPU = Debug|Any CPU
		Release|Any CPU = Release|Any CPU
	EndGlobalSection
	GlobalSection(ProjectConfigurationPlatforms) = postSolution
		{F7869E13-F787-4D79-89DA-2C2EE3E5D91C}.Debug|Any CPU.ActiveCfg = Debug|Any CPU
		{F7869E13-F787-4D79-89DA-2C2EE3E5D91C}.Debug|Any CPU.Build.0 = Debug|Any CPU
		{F7869E13-F787-4D79-89DA-2C2EE3E5D91C}.Release|Any CPU.ActiveCfg = Release|Any CPU
		{F7869E13-F787-4D79-89DA-2C2EE3E5D91C}.Release|Any CPU.Build.0 = Release|Any CPU
		{FAD0E837-AEF0-4DC3-9A86-68D0DC4A52E4}.Debug|Any CPU.ActiveCfg = Debug|Any CPU
		{FAD0E837-AEF0-4DC3-9A86-68D0DC4A52E4}.Debug|Any CPU.Build.0 = Debug|Any CPU
		{FAD0E837-AEF0-4DC3-9A86-68D0DC4A52E4}.Release|Any CPU.ActiveCfg = Release|Any CPU
		{FAD0E837-AEF0-4DC3-9A86-68D0DC4A52E4}.Release|Any CPU.Build.0 = Release|Any CPU
		{C7EAB976-5E8D-4CB0-9A37-25345853F8B5}.Debug|Any CPU.ActiveCfg = Debug|Any CPU
		{C7EAB976-5E8D-4CB0-9A37-25345853F8B5}.Debug|Any CPU.Build.0 = Debug|Any CPU
		{C7EAB976-5E8D-4CB0-9A37-25345853F8B5}.Release|Any CPU.ActiveCfg = Release|Any CPU
		{C7EAB976-5E8D-4CB0-9A37-25345853F8B5}.Release|Any CPU.Build.0 = Release|Any CPU
		{8F84A836-9DDE-41DA-975E-E4DB5F98DA3B}.Debug|Any CPU.ActiveCfg = Debug|Any CPU
		{8F84A836-9DDE-41DA-975E-E4DB5F98DA3B}.Debug|Any CPU.Build.0 = Debug|Any CPU
		{8F84A836-9DDE-41DA-975E-E4DB5F98DA3B}.Release|Any CPU.ActiveCfg = Release|Any CPU
		{8F84A836-9DDE-41DA-975E-E4DB5F98DA3B}.Release|Any CPU.Build.0 = Release|Any CPU
	EndGlobalSection
	GlobalSection(SolutionProperties) = preSolution
		HideSolutionNode = FALSE
	EndGlobalSection
EndGlobal
